// !$*UTF8*$!
{
	archiveVersion = 1;
	classes = {
	};
	objectVersion = 46;
	objects = {

/* Begin PBXBuildFile section */
		ABDFB91E1ABF891800C8A6E1 /* main.m in Sources */ = {isa = PBXBuildFile; fileRef = ABDFB91D1ABF891800C8A6E1 /* main.m */; };
		ABDFB9211ABF891800C8A6E1 /* AppDelegate.m in Sources */ = {isa = PBXBuildFile; fileRef = ABDFB9201ABF891800C8A6E1 /* AppDelegate.m */; };
		ABDFB9241ABF891800C8A6E1 /* ViewController.m in Sources */ = {isa = PBXBuildFile; fileRef = ABDFB9231ABF891800C8A6E1 /* ViewController.m */; };
		ABDFB9271ABF891800C8A6E1 /* Main.storyboard in Resources */ = {isa = PBXBuildFile; fileRef = ABDFB9251ABF891800C8A6E1 /* Main.storyboard */; };
		ABDFB9291ABF891800C8A6E1 /* Images.xcassets in Resources */ = {isa = PBXBuildFile; fileRef = ABDFB9281ABF891800C8A6E1 /* Images.xcassets */; };
		ABDFB92C1ABF891800C8A6E1 /* LaunchScreen.xib in Resources */ = {isa = PBXBuildFile; fileRef = ABDFB92A1ABF891800C8A6E1 /* LaunchScreen.xib */; };
		ABDFB9381ABF891800C8A6E1 /* JTHamburgerButtonTests.m in Sources */ = {isa = PBXBuildFile; fileRef = ABDFB9371ABF891800C8A6E1 /* JTHamburgerButtonTests.m */; };
/* End PBXBuildFile section */

/* Begin PBXContainerItemProxy section */
		ABDFB9321ABF891800C8A6E1 /* PBXContainerItemProxy */ = {
			isa = PBXContainerItemProxy;
			containerPortal = ABDFB9101ABF891800C8A6E1 /* Project object */;
			proxyType = 1;
			remoteGlobalIDString = ABDFB9171ABF891800C8A6E1;
			remoteInfo = JTHamburgerButton;
		};
/* End PBXContainerItemProxy section */

/* Begin PBXFileReference section */
		ABDFB9181ABF891800C8A6E1 /* JTHamburgerButton.app */ = {isa = PBXFileReference; explicitFileType = wrapper.application; includeInIndex = 0; path = JTHamburgerButton.app; sourceTree = BUILT_PRODUCTS_DIR; };
		ABDFB91C1ABF891800C8A6E1 /* Info.plist */ = {isa = PBXFileReference; lastKnownFileType = text.plist.xml; path = Info.plist; sourceTree = "<group>"; };
		ABDFB91D1ABF891800C8A6E1 /* main.m */ = {isa = PBXFileReference; lastKnownFileType = sourcecode.c.objc; path = main.m; sourceTree = "<group>"; };
		ABDFB91F1ABF891800C8A6E1 /* AppDelegate.h */ = {isa = PBXFileReference; lastKnownFileType = sourcecode.c.h; path = AppDelegate.h; sourceTree = "<group>"; };
		ABDFB9201ABF891800C8A6E1 /* AppDelegate.m */ = {isa = PBXFileReference; lastKnownFileType = sourcecode.c.objc; path = AppDelegate.m; sourceTree = "<group>"; };
		ABDFB9221ABF891800C8A6E1 /* ViewController.h */ = {isa = PBXFileReference; lastKnownFileType = sourcecode.c.h; path = ViewController.h; sourceTree = "<group>"; };
		ABDFB9231ABF891800C8A6E1 /* ViewController.m */ = {isa = PBXFileReference; lastKnownFileType = sourcecode.c.objc; path = ViewController.m; sourceTree = "<group>"; };
		ABDFB9261ABF891800C8A6E1 /* Base */ = {isa = PBXFileReference; lastKnownFileType = file.storyboard; name = Base; path = Base.lproj/Main.storyboard; sourceTree = "<group>"; };
		ABDFB9281ABF891800C8A6E1 /* Images.xcassets */ = {isa = PBXFileReference; lastKnownFileType = folder.assetcatalog; path = Images.xcassets; sourceTree = "<group>"; };
		ABDFB92B1ABF891800C8A6E1 /* Base */ = {isa = PBXFileReference; lastKnownFileType = file.xib; name = Base; path = Base.lproj/LaunchScreen.xib; sourceTree = "<group>"; };
		ABDFB9311ABF891800C8A6E1 /* JTHamburgerButtonTests.xctest */ = {isa = PBXFileReference; explicitFileType = wrapper.cfbundle; includeInIndex = 0; path = JTHamburgerButtonTests.xctest; sourceTree = BUILT_PRODUCTS_DIR; };
		ABDFB9361ABF891800C8A6E1 /* Info.plist */ = {isa = PBXFileReference; lastKnownFileType = text.plist.xml; path = Info.plist; sourceTree = "<group>"; };
		ABDFB9371ABF891800C8A6E1 /* JTHamburgerButtonTests.m */ = {isa = PBXFileReference; lastKnownFileType = sourcecode.c.objc; path = JTHamburgerButtonTests.m; sourceTree = "<group>"; };
/* End PBXFileReference section */

/* Begin PBXFrameworksBuildPhase section */
		ABDFB9151ABF891800C8A6E1 /* Frameworks */ = {
			isa = PBXFrameworksBuildPhase;
			buildActionMask = 2147483647;
			files = (
			);
			runOnlyForDeploymentPostprocessing = 0;
		};
		ABDFB92E1ABF891800C8A6E1 /* Frameworks */ = {
			isa = PBXFrameworksBuildPhase;
			buildActionMask = 2147483647;
			files = (
			);
			runOnlyForDeploymentPostprocessing = 0;
		};
/* End PBXFrameworksBuildPhase section */

/* Begin PBXGroup section */
		ABDFB90F1ABF891800C8A6E1 = {
			isa = PBXGroup;
			children = (
				ABDFB91A1ABF891800C8A6E1 /* JTHamburgerButton */,
				ABDFB9341ABF891800C8A6E1 /* JTHamburgerButtonTests */,
				ABDFB9191ABF891800C8A6E1 /* Products */,
			);
			sourceTree = "<group>";
		};
		ABDFB9191ABF891800C8A6E1 /* Products */ = {
			isa = PBXGroup;
			children = (
				ABDFB9181ABF891800C8A6E1 /* JTHamburgerButton.app */,
				ABDFB9311ABF891800C8A6E1 /* JTHamburgerButtonTests.xctest */,
			);
			name = Products;
			sourceTree = "<group>";
		};
		ABDFB91A1ABF891800C8A6E1 /* JTHamburgerButton */ = {
			isa = PBXGroup;
			children = (
				ABDFB91F1ABF891800C8A6E1 /* AppDelegate.h */,
				ABDFB9201ABF891800C8A6E1 /* AppDelegate.m */,
				ABDFB9221ABF891800C8A6E1 /* ViewController.h */,
				ABDFB9231ABF891800C8A6E1 /* ViewController.m */,
				ABDFB9251ABF891800C8A6E1 /* Main.storyboard */,
				ABDFB9281ABF891800C8A6E1 /* Images.xcassets */,
				ABDFB92A1ABF891800C8A6E1 /* LaunchScreen.xib */,
				ABDFB91B1ABF891800C8A6E1 /* Supporting Files */,
			);
			path = JTHamburgerButton;
			sourceTree = "<group>";
		};
		ABDFB91B1ABF891800C8A6E1 /* Supporting Files */ = {
			isa = PBXGroup;
			children = (
				ABDFB91C1ABF891800C8A6E1 /* Info.plist */,
				ABDFB91D1ABF891800C8A6E1 /* main.m */,
			);
			name = "Supporting Files";
			sourceTree = "<group>";
		};
		ABDFB9341ABF891800C8A6E1 /* JTHamburgerButtonTests */ = {
			isa = PBXGroup;
			children = (
				ABDFB9371ABF891800C8A6E1 /* JTHamburgerButtonTests.m */,
				ABDFB9351ABF891800C8A6E1 /* Supporting Files */,
			);
			path = JTHamburgerButtonTests;
			sourceTree = "<group>";
		};
		ABDFB9351ABF891800C8A6E1 /* Supporting Files */ = {
			isa = PBXGroup;
			children = (
				ABDFB9361ABF891800C8A6E1 /* Info.plist */,
			);
			name = "Supporting Files";
			sourceTree = "<group>";
		};
/* End PBXGroup section */

/* Begin PBXNativeTarget section */
		ABDFB9171ABF891800C8A6E1 /* JTHamburgerButton */ = {
			isa = PBXNativeTarget;
			buildConfigurationList = ABDFB93B1ABF891800C8A6E1 /* Build configuration list for PBXNativeTarget "JTHamburgerButton" */;
			buildPhases = (
				ABDFB9141ABF891800C8A6E1 /* Sources */,
				ABDFB9151ABF891800C8A6E1 /* Frameworks */,
				ABDFB9161ABF891800C8A6E1 /* Resources */,
			);
			buildRules = (
			);
			dependencies = (
			);
			name = JTHamburgerButton;
			productName = JTHamburgerButton;
			productReference = ABDFB9181ABF891800C8A6E1 /* JTHamburgerButton.app */;
			productType = "com.apple.product-type.application";
		};
		ABDFB9301ABF891800C8A6E1 /* JTHamburgerButtonTests */ = {
			isa = PBXNativeTarget;
			buildConfigurationList = ABDFB93E1ABF891800C8A6E1 /* Build configuration list for PBXNativeTarget "JTHamburgerButtonTests" */;
			buildPhases = (
				ABDFB92D1ABF891800C8A6E1 /* Sources */,
				ABDFB92E1ABF891800C8A6E1 /* Frameworks */,
				ABDFB92F1ABF891800C8A6E1 /* Resources */,
			);
			buildRules = (
			);
			dependencies = (
				ABDFB9331ABF891800C8A6E1 /* PBXTargetDependency */,
			);
			name = JTHamburgerButtonTests;
			productName = JTHamburgerButtonTests;
			productReference = ABDFB9311ABF891800C8A6E1 /* JTHamburgerButtonTests.xctest */;
			productType = "com.apple.product-type.bundle.unit-test";
		};
/* End PBXNativeTarget section */

/* Begin PBXProject section */
		ABDFB9101ABF891800C8A6E1 /* Project object */ = {
			isa = PBXProject;
			attributes = {
				LastUpgradeCheck = 0620;
				ORGANIZATIONNAME = "Jonathan Tribouharet";
				TargetAttributes = {
					ABDFB9171ABF891800C8A6E1 = {
						CreatedOnToolsVersion = 6.2;
					};
					ABDFB9301ABF891800C8A6E1 = {
						CreatedOnToolsVersion = 6.2;
						TestTargetID = ABDFB9171ABF891800C8A6E1;
					};
				};
			};
			buildConfigurationList = ABDFB9131ABF891800C8A6E1 /* Build configuration list for PBXProject "JTHamburgerButton" */;
			compatibilityVersion = "Xcode 3.2";
			developmentRegion = English;
			hasScannedForEncodings = 0;
			knownRegions = (
				en,
				Base,
			);
			mainGroup = ABDFB90F1ABF891800C8A6E1;
			productRefGroup = ABDFB9191ABF891800C8A6E1 /* Products */;
			projectDirPath = "";
			projectRoot = "";
			targets = (
				ABDFB9171ABF891800C8A6E1 /* JTHamburgerButton */,
				ABDFB9301ABF891800C8A6E1 /* JTHamburgerButtonTests */,
			);
		};
/* End PBXProject section */

/* Begin PBXResourcesBuildPhase section */
		ABDFB9161ABF891800C8A6E1 /* Resources */ = {
			isa = PBXResourcesBuildPhase;
			buildActionMask = 2147483647;
			files = (
				ABDFB9271ABF891800C8A6E1 /* Main.storyboard in Resources */,
				ABDFB92C1ABF891800C8A6E1 /* LaunchScreen.xib in Resources */,
				ABDFB9291ABF891800C8A6E1 /* Images.xcassets in Resources */,
			);
			runOnlyForDeploymentPostprocessing = 0;
		};
		ABDFB92F1ABF891800C8A6E1 /* Resources */ = {
			isa = PBXResourcesBuildPhase;
			buildActionMask = 2147483647;
			files = (
			);
			runOnlyForDeploymentPostprocessing = 0;
		};
/* End PBXResourcesBuildPhase section */

/* Begin PBXSourcesBuildPhase section */
		ABDFB9141ABF891800C8A6E1 /* Sources */ = {
			isa = PBXSourcesBuildPhase;
			buildActionMask = 2147483647;
			files = (
				ABDFB9241ABF891800C8A6E1 /* ViewController.m in Sources */,
				ABDFB9211ABF891800C8A6E1 /* AppDelegate.m in Sources */,
				ABDFB91E1ABF891800C8A6E1 /* main.m in Sources */,
			);
			runOnlyForDeploymentPostprocessing = 0;
		};
		ABDFB92D1ABF891800C8A6E1 /* Sources */ = {
			isa = PBXSourcesBuildPhase;
			buildActionMask = 2147483647;
			files = (
				ABDFB9381ABF891800C8A6E1 /* JTHamburgerButtonTests.m in Sources */,
			);
			runOnlyForDeploymentPostprocessing = 0;
		};
/* End PBXSourcesBuildPhase section */

/* Begin PBXTargetDependency section */
		ABDFB9331ABF891800C8A6E1 /* PBXTargetDependency */ = {
			isa = PBXTargetDependency;
			target = ABDFB9171ABF891800C8A6E1 /* JTHamburgerButton */;
			targetProxy = ABDFB9321ABF891800C8A6E1 /* PBXContainerItemProxy */;
		};
/* End PBXTargetDependency section */

/* Begin PBXVariantGroup section */
		ABDFB9251ABF891800C8A6E1 /* Main.storyboard */ = {
			isa = PBXVariantGroup;
			children = (
				ABDFB9261ABF891800C8A6E1 /* Base */,
			);
			name = Main.storyboard;
			sourceTree = "<group>";
		};
		ABDFB92A1ABF891800C8A6E1 /* LaunchScreen.xib */ = {
			isa = PBXVariantGroup;
			children = (
				ABDFB92B1ABF891800C8A6E1 /* Base */,
			);
			name = LaunchScreen.xib;
			sourceTree = "<group>";
		};
/* End PBXVariantGroup section */

/* Begin XCBuildConfiguration section */
		ABDFB9391ABF891800C8A6E1 /* Debug */ = {
			isa = XCBuildConfiguration;
			buildSettings = {
				ALWAYS_SEARCH_USER_PATHS = NO;
				CLANG_CXX_LANGUAGE_STANDARD = "gnu++0x";
				CLANG_CXX_LIBRARY = "libc++";
				CLANG_ENABLE_MODULES = YES;
				CLANG_ENABLE_OBJC_ARC = YES;
				CLANG_WARN_BOOL_CONVERSION = YES;
				CLANG_WARN_CONSTANT_CONVERSION = YES;
				CLANG_WARN_DIRECT_OBJC_ISA_USAGE = YES_ERROR;
				CLANG_WARN_EMPTY_BODY = YES;
				CLANG_WARN_ENUM_CONVERSION = YES;
				CLANG_WARN_INT_CONVERSION = YES;
				CLANG_WARN_OBJC_ROOT_CLASS = YES_ERROR;
				CLANG_WARN_UNREACHABLE_CODE = YES;
				CLANG_WARN__DUPLICATE_METHOD_MATCH = YES;
				"CODE_SIGN_IDENTITY[sdk=iphoneos*]" = "iPhone Developer";
				COPY_PHASE_STRIP = NO;
				ENABLE_STRICT_OBJC_MSGSEND = YES;
				GCC_C_LANGUAGE_STANDARD = gnu99;
				GCC_DYNAMIC_NO_PIC = NO;
				GCC_OPTIMIZATION_LEVEL = 0;
				GCC_PREPROCESSOR_DEFINITIONS = (
					"DEBUG=1",
					"$(inherited)",
				);
				GCC_SYMBOLS_PRIVATE_EXTERN = NO;
				GCC_WARN_64_TO_32_BIT_CONVERSION = YES;
				GCC_WARN_ABOUT_RETURN_TYPE = YES_ERROR;
				GCC_WARN_UNDECLARED_SELECTOR = YES;
				GCC_WARN_UNINITIALIZED_AUTOS = YES_AGGRESSIVE;
				GCC_WARN_UNUSED_FUNCTION = YES;
				GCC_WARN_UNUSED_VARIABLE = YES;
				IPHONEOS_DEPLOYMENT_TARGET = 8.2;
				MTL_ENABLE_DEBUG_INFO = YES;
				ONLY_ACTIVE_ARCH = YES;
				SDKROOT = iphoneos;
			};
			name = Debug;
		};
		ABDFB93A1ABF891800C8A6E1 /* Release */ = {
			isa = XCBuildConfiguration;
			buildSettings = {
				ALWAYS_SEARCH_USER_PATHS = NO;
				CLANG_CXX_LANGUAGE_STANDARD = "gnu++0x";
				CLANG_CXX_LIBRARY = "libc++";
				CLANG_ENABLE_MODULES = YES;
				CLANG_ENABLE_OBJC_ARC = YES;
				CLANG_WARN_BOOL_CONVERSION = YES;
				CLANG_WARN_CONSTANT_CONVERSION = YES;
				CLANG_WARN_DIRECT_OBJC_ISA_USAGE = YES_ERROR;
				CLANG_WARN_EMPTY_BODY = YES;
				CLANG_WARN_ENUM_CONVERSION = YES;
				CLANG_WARN_INT_CONVERSION = YES;
				CLANG_WARN_OBJC_ROOT_CLASS = YES_ERROR;
				CLANG_WARN_UNREACHABLE_CODE = YES;
				CLANG_WARN__DUPLICATE_METHOD_MATCH = YES;
				"CODE_SIGN_IDENTITY[sdk=iphoneos*]" = "iPhone Developer";
				COPY_PHASE_STRIP = NO;
				ENABLE_NS_ASSERTIONS = NO;
				ENABLE_STRICT_OBJC_MSGSEND = YES;
				GCC_C_LANGUAGE_STANDARD = gnu99;
				GCC_WARN_64_TO_32_BIT_CONVERSION = YES;
				GCC_WARN_ABOUT_RETURN_TYPE = YES_ERROR;
				GCC_WARN_UNDECLARED_SELECTOR = YES;
				GCC_WARN_UNINITIALIZED_AUTOS = YES_AGGRESSIVE;
				GCC_WARN_UNUSED_FUNCTION = YES;
				GCC_WARN_UNUSED_VARIABLE = YES;
				IPHONEOS_DEPLOYMENT_TARGET = 8.2;
				MTL_ENABLE_DEBUG_INFO = NO;
				SDKROOT = iphoneos;
				VALIDATE_PRODUCT = YES;
			};
			name = Release;
		};
		ABDFB93C1ABF891800C8A6E1 /* Debug */ = {
			isa = XCBuildConfiguration;
			buildSettings = {
				ASSETCATALOG_COMPILER_APPICON_NAME = AppIcon;
				INFOPLIST_FILE = JTHamburgerButton/Info.plist;
				LD_RUNPATH_SEARCH_PATHS = "$(inherited) @executable_path/Frameworks";
				PRODUCT_NAME = "$(TARGET_NAME)";
			};
			name = Debug;
		};
		ABDFB93D1ABF891800C8A6E1 /* Release */ = {
			isa = XCBuildConfiguration;
			buildSettings = {
				ASSETCATALOG_COMPILER_APPICON_NAME = AppIcon;
				INFOPLIST_FILE = JTHamburgerButton/Info.plist;
				LD_RUNPATH_SEARCH_PATHS = "$(inherited) @executable_path/Frameworks";
				PRODUCT_NAME = "$(TARGET_NAME)";
			};
			name = Release;
		};
		ABDFB93F1ABF891800C8A6E1 /* Debug */ = {
			isa = XCBuildConfiguration;
			buildSettings = {
				BUNDLE_LOADER = "$(TEST_HOST)";
				FRAMEWORK_SEARCH_PATHS = (
					"$(SDKROOT)/Developer/Library/Frameworks",
					"$(inherited)",
				);
				GCC_PREPROCESSOR_DEFINITIONS = (
					"DEBUG=1",
					"$(inherited)",
				);
				INFOPLIST_FILE = JTHamburgerButtonTests/Info.plist;
				LD_RUNPATH_SEARCH_PATHS = "$(inherited) @executable_path/Frameworks @loader_path/Frameworks";
				PRODUCT_NAME = "$(TARGET_NAME)";
				TEST_HOST = "$(BUILT_PRODUCTS_DIR)/JTHamburgerButton.app/JTHamburgerButton";
			};
			name = Debug;
		};
		ABDFB9401ABF891800C8A6E1 /* Release */ = {
			isa = XCBuildConfiguration;
			buildSettings = {
				BUNDLE_LOADER = "$(TEST_HOST)";
				FRAMEWORK_SEARCH_PATHS = (
					"$(SDKROOT)/Developer/Library/Frameworks",
					"$(inherited)",
				);
				INFOPLIST_FILE = JTHamburgerButtonTests/Info.plist;
				LD_RUNPATH_SEARCH_PATHS = "$(inherited) @executable_path/Frameworks @loader_path/Frameworks";
				PRODUCT_NAME = "$(TARGET_NAME)";
				TEST_HOST = "$(BUILT_PRODUCTS_DIR)/JTHamburgerButton.app/JTHamburgerButton";
			};
			name = Release;
		};
/* End XCBuildConfiguration section */

/* Begin XCConfigurationList section */
		ABDFB9131ABF891800C8A6E1 /* Build configuration list for PBXProject "JTHamburgerButton" */ = {
			isa = XCConfigurationList;
			buildConfigurations = (
				ABDFB9391ABF891800C8A6E1 /* Debug */,
				ABDFB93A1ABF891800C8A6E1 /* Release */,
			);
			defaultConfigurationIsVisible = 0;
			defaultConfigurationName = Release;
		};
		ABDFB93B1ABF891800C8A6E1 /* Build configuration list for PBXNativeTarget "JTHamburgerButton" */ = {
			isa = XCConfigurationList;
			buildConfigurations = (
				ABDFB93C1ABF891800C8A6E1 /* Debug */,
				ABDFB93D1ABF891800C8A6E1 /* Release */,
			);
			defaultConfigurationIsVisible = 0;
		};
		ABDFB93E1ABF891800C8A6E1 /* Build configuration list for PBXNativeTarget "JTHamburgerButtonTests" */ = {
			isa = XCConfigurationList;
			buildConfigurations = (
				ABDFB93F1ABF891800C8A6E1 /* Debug */,
				ABDFB9401ABF891800C8A6E1 /* Release */,
			);
			defaultConfigurationIsVisible = 0;
		};
/* End XCConfigurationList section */
	};
	rootObject = ABDFB9101ABF891800C8A6E1 /* Project object */;
}
